
Microsoft Visual Studio Solution File, Format Version 12.00
# Visual Studio Version 17
VisualStudioVersion = 17.5.002.0
MinimumVisualStudioVersion = 10.0.40219.1
Project("{9A19103F-16F7-4668-BE54-9A1E7A4F7556}") = "cw2", "cw2.csproj", "{F6EEED82-25E5-4C9E-92EA-3845CCAF4BA0}"
EndProject
Global
	GlobalSection(SolutionConfigurationPlatforms) = preSolution
		Debug|Any CPU = Debug|Any CPU
		Release|Any CPU = Release|Any CPU
	EndGlobalSection
	GlobalSection(ProjectConfigurationPlatforms) = postSolution
		{F6EEED82-25E5-4C9E-92EA-3845CCAF4BA0}.Debug|Any CPU.ActiveCfg = Debug|Any CPU
		{F6EEED82-25E5-4C9E-92EA-3845CCAF4BA0}.Debug|Any CPU.Build.0 = Debug|Any CPU
		{F6EEED82-25E5-4C9E-92EA-3845CCAF4BA0}.Release|Any CPU.ActiveCfg = Release|Any CPU
		{F6EEED82-25E5-4C9E-92EA-3845CCAF4BA0}.Release|Any CPU.Build.0 = Release|Any CPU
	EndGlobalSection
	GlobalSection(SolutionProperties) = preSolution
		HideSolutionNode = FALSE
	EndGlobalSection
	GlobalSection(ExtensibilityGlobals) = postSolution
		SolutionGuid = {376922C5-E9CF-4123-8787-16FC73E1759F}
	EndGlobalSection
EndGlobal
